{
  "originHash" : "b97bee0a516fad4f0d1dd41cace3e81a6d2fdcf31462170ecfa3f561427f7f20",
  "pins" : [
    {
      "identity" : "instabug-sp",
      "kind" : "remoteSourceControl",
      "location" : "https://github.com/Instabug/Instabug-SP",
      "state" : {
        "revision" : "27b4e61ac0597b43542cdfe3272db2c512c7d36e",
        "version" : "14.3.0"
      }
    }
  ],
  "version" : 3
}
